name: Deadlock Testing
on:
  workflow_dispatch:

concurrency: foo

jobs:
  child1:
    runs-on: ubuntu-latest 
    concurrency: bar
    steps:
      - uses: actions/checkout@v3
  child2:
    needs: ["child1"]
    runs-on: ubuntu-latest 
    concurrency: foo
    steps:
      - uses: actions/checkout@v3
